// !$*UTF8*$!
{
	archiveVersion = 1;
	classes = {
	};
	objectVersion = 46;
	objects = {

/* Begin PBXBuildFile section */
		AD30EEA51BCB92480092D29A /* AppDelegate.swift in Sources */ = {isa = PBXBuildFile; fileRef = AD30EEA41BCB92480092D29A /* AppDelegate.swift */; };
		AD30EEA71BCB92480092D29A /* ViewController.swift in Sources */ = {isa = PBXBuildFile; fileRef = AD30EEA61BCB92480092D29A /* ViewController.swift */; };
		AD30EEAA1BCB92480092D29A /* Main.storyboard in Resources */ = {isa = PBXBuildFile; fileRef = AD30EEA81BCB92480092D29A /* Main.storyboard */; };
		AD30EEAC1BCB92480092D29A /* Assets.xcassets in Resources */ = {isa = PBXBuildFile; fileRef = AD30EEAB1BCB92480092D29A /* Assets.xcassets */; };
		AD30EEAF1BCB92480092D29A /* LaunchScreen.storyboard in Resources */ = {isa = PBXBuildFile; fileRef = AD30EEAD1BCB92480092D29A /* LaunchScreen.storyboard */; };
/* End PBXBuildFile section */

/* Begin PBXFileReference section */
		AD30EEA11BCB92480092D29A /* swiftAndOC.app */ = {isa = PBXFileReference; explicitFileType = wrapper.application; includeInIndex = 0; path = swiftAndOC.app; sourceTree = BUILT_PRODUCTS_DIR; };
		AD30EEA41BCB92480092D29A /* AppDelegate.swift */ = {isa = PBXFileReference; lastKnownFileType = sourcecode.swift; path = AppDelegate.swift; sourceTree = "<group>"; };
		AD30EEA61BCB92480092D29A /* ViewController.swift */ = {isa = PBXFileReference; lastKnownFileType = sourcecode.swift; path = ViewController.swift; sourceTree = "<group>"; };
		AD30EEA91BCB92480092D29A /* Base */ = {isa = PBXFileReference; lastKnownFileType = file.storyboard; name = Base; path = Base.lproj/Main.storyboard; sourceTree = "<group>"; };
		AD30EEAB1BCB92480092D29A /* Assets.xcassets */ = {isa = PBXFileReference; lastKnownFileType = folder.assetcatalog; path = Assets.xcassets; sourceTree = "<group>"; };
		AD30EEAE1BCB92480092D29A /* Base */ = {isa = PBXFileReference; lastKnownFileType = file.storyboard; name = Base; path = Base.lproj/LaunchScreen.storyboard; sourceTree = "<group>"; };
		AD30EEB01BCB92480092D29A /* Info.plist */ = {isa = PBXFileReference; lastKnownFileType = text.plist.xml; path = Info.plist; sourceTree = "<group>"; };
/* End PBXFileReference section */

/* Begin PBXFrameworksBuildPhase section */
		AD30EE9E1BCB92480092D29A /* Frameworks */ = {
			isa = PBXFrameworksBuildPhase;
			buildActionMask = 2147483647;
			files = (
			);
			runOnlyForDeploymentPostprocessing = 0;
		};
/* End PBXFrameworksBuildPhase section */

/* Begin PBXGroup section */
		AD30EE981BCB92480092D29A = {
			isa = PBXGroup;
			children = (
				AD30EEA31BCB92480092D29A /* swiftAndOC */,
				AD30EEA21BCB92480092D29A /* Products */,
			);
			sourceTree = "<group>";
		};
		AD30EEA21BCB92480092D29A /* Products */ = {
			isa = PBXGroup;
			children = (
				AD30EEA11BCB92480092D29A /* swiftAndOC.app */,
			);
			name = Products;
			sourceTree = "<group>";
		};
		AD30EEA31BCB92480092D29A /* swiftAndOC */ = {
			isa = PBXGroup;
			children = (
				AD30EEA41BCB92480092D29A /* AppDelegate.swift */,
				AD30EEA61BCB92480092D29A /* ViewController.swift */,
				AD30EEA81BCB92480092D29A /* Main.storyboard */,
				AD30EEAB1BCB92480092D29A /* Assets.xcassets */,
				AD30EEAD1BCB92480092D29A /* LaunchScreen.storyboard */,
				AD30EEB01BCB92480092D29A /* Info.plist */,
			);
			path = swiftAndOC;
			sourceTree = "<group>";
		};
/* End PBXGroup section */

/* Begin PBXNativeTarget section */
		AD30EEA01BCB92480092D29A /* swiftAndOC */ = {
			isa = PBXNativeTarget;
			buildConfigurationList = AD30EEB31BCB92480092D29A /* Build configuration list for PBXNativeTarget "swiftAndOC" */;
			buildPhases = (
				AD30EE9D1BCB92480092D29A /* Sources */,
				AD30EE9E1BCB92480092D29A /* Frameworks */,
				AD30EE9F1BCB92480092D29A /* Resources */,
			);
			buildRules = (
			);
			dependencies = (
			);
			name = swiftAndOC;
			productName = swiftAndOC;
			productReference = AD30EEA11BCB92480092D29A /* swiftAndOC.app */;
			productType = "com.apple.product-type.application";
		};
/* End PBXNativeTarget section */

/* Begin PBXProject section */
		AD30EE991BCB92480092D29A /* Project object */ = {
			isa = PBXProject;
			attributes = {
				LastUpgradeCheck = 0700;
				ORGANIZATIONNAME = fanping;
				TargetAttributes = {
					AD30EEA01BCB92480092D29A = {
						CreatedOnToolsVersion = 7.0;
					};
				};
			};
			buildConfigurationList = AD30EE9C1BCB92480092D29A /* Build configuration list for PBXProject "swiftAndOC" */;
			compatibilityVersion = "Xcode 3.2";
			developmentRegion = English;
			hasScannedForEncodings = 0;
			knownRegions = (
				en,
				Base,
			);
			mainGroup = AD30EE981BCB92480092D29A;
			productRefGroup = AD30EEA21BCB92480092D29A /* Products */;
			projectDirPath = "";
			projectRoot = "";
			targets = (
				AD30EEA01BCB92480092D29A /* swiftAndOC */,
			);
		};
/* End PBXProject section */

/* Begin PBXResourcesBuildPhase section */
		AD30EE9F1BCB92480092D29A /* Resources */ = {
			isa = PBXResourcesBuildPhase;
			buildActionMask = 2147483647;
			files = (
				AD30EEAF1BCB92480092D29A /* LaunchScreen.storyboard in Resources */,
				AD30EEAC1BCB92480092D29A /* Assets.xcassets in Resources */,
				AD30EEAA1BCB92480092D29A /* Main.storyboard in Resources */,
			);
			runOnlyForDeploymentPostprocessing = 0;
		};
/* End PBXResourcesBuildPhase section */

/* Begin PBXSourcesBuildPhase section */
		AD30EE9D1BCB92480092D29A /* Sources */ = {
			isa = PBXSourcesBuildPhase;
			buildActionMask = 2147483647;
			files = (
				AD30EEA71BCB92480092D29A /* ViewController.swift in Sources */,
				AD30EEA51BCB92480092D29A /* AppDelegate.swift in Sources */,
			);
			runOnlyForDeploymentPostprocessing = 0;
		};
/* End PBXSourcesBuildPhase section */

/* Begin PBXVariantGroup section */
		AD30EEA81BCB92480092D29A /* Main.storyboard */ = {
			isa = PBXVariantGroup;
			children = (
				AD30EEA91BCB92480092D29A /* Base */,
			);
			name = Main.storyboard;
			sourceTree = "<group>";
		};
		AD30EEAD1BCB92480092D29A /* LaunchScreen.storyboard */ = {
			isa = PBXVariantGroup;
			children = (
				AD30EEAE1BCB92480092D29A /* Base */,
			);
			name = LaunchScreen.storyboard;
			sourceTree = "<group>";
		};
/* End PBXVariantGroup section */

/* Begin XCBuildConfiguration section */
		AD30EEB11BCB92480092D29A /* Debug */ = {
			isa = XCBuildConfiguration;
			buildSettings = {
				ALWAYS_SEARCH_USER_PATHS = NO;
				CLANG_CXX_LANGUAGE_STANDARD = "gnu++0x";
				CLANG_CXX_LIBRARY = "libc++";
				CLANG_ENABLE_MODULES = YES;
				CLANG_ENABLE_OBJC_ARC = YES;
				CLANG_WARN_BOOL_CONVERSION = YES;
				CLANG_WARN_CONSTANT_CONVERSION = YES;
				CLANG_WARN_DIRECT_OBJC_ISA_USAGE = YES_ERROR;
				CLANG_WARN_EMPTY_BODY = YES;
				CLANG_WARN_ENUM_CONVERSION = YES;
				CLANG_WARN_INT_CONVERSION = YES;
				CLANG_WARN_OBJC_ROOT_CLASS = YES_ERROR;
				CLANG_WARN_UNREACHABLE_CODE = YES;
				CLANG_WARN__DUPLICATE_METHOD_MATCH = YES;
				"CODE_SIGN_IDENTITY[sdk=iphoneos*]" = "iPhone Developer";
				COPY_PHASE_STRIP = NO;
				DEBUG_INFORMATION_FORMAT = dwarf;
				ENABLE_STRICT_OBJC_MSGSEND = YES;
				ENABLE_TESTABILITY = YES;
				GCC_C_LANGUAGE_STANDARD = gnu99;
				GCC_DYNAMIC_NO_PIC = NO;
				GCC_NO_COMMON_BLOCKS = YES;
				GCC_OPTIMIZATION_LEVEL = 0;
				GCC_PREPROCESSOR_DEFINITIONS = (
					"DEBUG=1",
					"$(inherited)",
				);
				GCC_WARN_64_TO_32_BIT_CONVERSION = YES;
				GCC_WARN_ABOUT_RETURN_TYPE = YES_ERROR;
				GCC_WARN_UNDECLARED_SELECTOR = YES;
				GCC_WARN_UNINITIALIZED_AUTOS = YES_AGGRESSIVE;
				GCC_WARN_UNUSED_FUNCTION = YES;
				GCC_WARN_UNUSED_VARIABLE = YES;
				IPHONEOS_DEPLOYMENT_TARGET = 9.0;
				MTL_ENABLE_DEBUG_INFO = YES;
				ONLY_ACTIVE_ARCH = YES;
				SDKROOT = iphoneos;
				SWIFT_OPTIMIZATION_LEVEL = "-Onone";
				TARGETED_DEVICE_FAMILY = "1,2";
			};
			name = Debug;
		};
		AD30EEB21BCB92480092D29A /* Release */ = {
			isa = XCBuildConfiguration;
			buildSettings = {
				ALWAYS_SEARCH_USER_PATHS = NO;
				CLANG_CXX_LANGUAGE_STANDARD = "gnu++0x";
				CLANG_CXX_LIBRARY = "libc++";
				CLANG_ENABLE_MODULES = YES;
				CLANG_ENABLE_OBJC_ARC = YES;
				CLANG_WARN_BOOL_CONVERSION = YES;
				CLANG_WARN_CONSTANT_CONVERSION = YES;
				CLANG_WARN_DIRECT_OBJC_ISA_USAGE = YES_ERROR;
				CLANG_WARN_EMPTY_BODY = YES;
				CLANG_WARN_ENUM_CONVERSION = YES;
				CLANG_WARN_INT_CONVERSION = YES;
				CLANG_WARN_OBJC_ROOT_CLASS = YES_ERROR;
				CLANG_WARN_UNREACHABLE_CODE = YES;
				CLANG_WARN__DUPLICATE_METHOD_MATCH = YES;
				"CODE_SIGN_IDENTITY[sdk=iphoneos*]" = "iPhone Developer";
				COPY_PHASE_STRIP = NO;
				DEBUG_INFORMATION_FORMAT = "dwarf-with-dsym";
				ENABLE_NS_ASSERTIONS = NO;
				ENABLE_STRICT_OBJC_MSGSEND = YES;
				GCC_C_LANGUAGE_STANDARD = gnu99;
				GCC_NO_COMMON_BLOCKS = YES;
				GCC_WARN_64_TO_32_BIT_CONVERSION = YES;
				GCC_WARN_ABOUT_RETURN_TYPE = YES_ERROR;
				GCC_WARN_UNDECLARED_SELECTOR = YES;
				GCC_WARN_UNINITIALIZED_AUTOS = YES_AGGRESSIVE;
				GCC_WARN_UNUSED_FUNCTION = YES;
				GCC_WARN_UNUSED_VARIABLE = YES;
				IPHONEOS_DEPLOYMENT_TARGET = 9.0;
				MTL_ENABLE_DEBUG_INFO = NO;
				SDKROOT = iphoneos;
				TARGETED_DEVICE_FAMILY = "1,2";
				VALIDATE_PRODUCT = YES;
			};
			name = Release;
		};
		AD30EEB41BCB92480092D29A /* Debug */ = {
			isa = XCBuildConfiguration;
			buildSettings = {
				ASSETCATALOG_COMPILER_APPICON_NAME = AppIcon;
				INFOPLIST_FILE = swiftAndOC/Info.plist;
				LD_RUNPATH_SEARCH_PATHS = "$(inherited) @executable_path/Frameworks";
				PRODUCT_BUNDLE_IDENTIFIER = com.fanping.swiftAndOC;
				PRODUCT_NAME = "$(TARGET_NAME)";
			};
			name = Debug;
		};
		AD30EEB51BCB92480092D29A /* Release */ = {
			isa = XCBuildConfiguration;
			buildSettings = {
				ASSETCATALOG_COMPILER_APPICON_NAME = AppIcon;
				INFOPLIST_FILE = swiftAndOC/Info.plist;
				LD_RUNPATH_SEARCH_PATHS = "$(inherited) @executable_path/Frameworks";
				PRODUCT_BUNDLE_IDENTIFIER = com.fanping.swiftAndOC;
				PRODUCT_NAME = "$(TARGET_NAME)";
			};
			name = Release;
		};
/* End XCBuildConfiguration section */

/* Begin XCConfigurationList section */
		AD30EE9C1BCB92480092D29A /* Build configuration list for PBXProject "swiftAndOC" */ = {
			isa = XCConfigurationList;
			buildConfigurations = (
				AD30EEB11BCB92480092D29A /* Debug */,
				AD30EEB21BCB92480092D29A /* Release */,
			);
			defaultConfigurationIsVisible = 0;
			defaultConfigurationName = Release;
		};
		AD30EEB31BCB92480092D29A /* Build configuration list for PBXNativeTarget "swiftAndOC" */ = {
			isa = XCConfigurationList;
			buildConfigurations = (
				AD30EEB41BCB92480092D29A /* Debug */,
				AD30EEB51BCB92480092D29A /* Release */,
			);
			defaultConfigurationIsVisible = 0;
		};
/* End XCConfigurationList section */
	};
	rootObject = AD30EE991BCB92480092D29A /* Project object */;
}
